
Microsoft Visual Studio Solution File, Format Version 12.00
# Visual Studio Version 16
VisualStudioVersion = 16.0.31005.135
MinimumVisualStudioVersion = 10.0.40219.1
Project("{FAE04EC0-301F-11D3-BF4B-00C04F79EFBC}") = "Udemy-Selenium", "Udemy-Selenium\Udemy-Selenium.csproj", "{232586DE-6484-434E-A5E8-D18383D17434}"
EndProject
Global
	GlobalSection(SolutionConfigurationPlatforms) = preSolution
		Debug|Any CPU = Debug|Any CPU
		Release|Any CPU = Release|Any CPU
	EndGlobalSection
	GlobalSection(ProjectConfigurationPlatforms) = postSolution
		{232586DE-6484-434E-A5E8-D18383D17434}.Debug|Any CPU.ActiveCfg = Debug|Any CPU
		{232586DE-6484-434E-A5E8-D18383D17434}.Debug|Any CPU.Build.0 = Debug|Any CPU
		{232586DE-6484-434E-A5E8-D18383D17434}.Release|Any CPU.ActiveCfg = Release|Any CPU
		{232586DE-6484-434E-A5E8-D18383D17434}.Release|Any CPU.Build.0 = Release|Any CPU
	EndGlobalSection
	GlobalSection(SolutionProperties) = preSolution
		HideSolutionNode = FALSE
	EndGlobalSection
	GlobalSection(ExtensibilityGlobals) = postSolution
		SolutionGuid = {65E93027-F08E-443E-BEC3-8E2225F4FEC0}
	EndGlobalSection
EndGlobal
